
Microsoft Visual Studio Solution File, Format Version 12.00
# Visual Studio Version 16
VisualStudioVersion = 16.0.29806.167
MinimumVisualStudioVersion = 10.0.40219.1
Project("{9A19103F-16F7-4668-BE54-9A1E7A4F7556}") = "SingleResponsibility", "SOLID Design Principles\SingleResponsibility\SingleResponsibility.csproj", "{74948552-0CCA-4CA2-874F-66529A89F77E}"
EndProject
Project("{9A19103F-16F7-4668-BE54-9A1E7A4F7556}") = "OpenClose", "SOLID Design Principles\OpenClose\OpenClose.csproj", "{3BCE9ADB-A53F-4CFC-B883-E1E8C1C6B050}"
EndProject
Project("{9A19103F-16F7-4668-BE54-9A1E7A4F7556}") = "LiskovSubstitution", "SOLID Design Principles\LiskovSubstitution\LiskovSubstitution.csproj", "{4955DF9E-1480-4958-9076-1B80FD297700}"
EndProject
Project("{9A19103F-16F7-4668-BE54-9A1E7A4F7556}") = "InterfaceSegregation", "SOLID Design Principles\InterfaceSegregation\InterfaceSegregation.csproj", "{DF6B2DD3-EC0B-479B-869D-F1BA570C7C46}"
EndProject
Project("{9A19103F-16F7-4668-BE54-9A1E7A4F7556}") = "DependencyInversion", "SOLID Design Principles\DependencyInversion\DependencyInversion.csproj", "{411E0B7A-2B27-43EA-A821-6109284F2AB7}"
EndProject
Project("{2150E333-8FDC-42A3-9474-1A3956D46DE8}") = "SOLID", "SOLID", "{ACD0EDC8-6E5F-4F9A-8EBC-AFC09FD45292}"
EndProject
Project("{2150E333-8FDC-42A3-9474-1A3956D46DE8}") = "Creational Patterns", "Creational Patterns", "{24A4FC90-E3F6-4231-B91A-12E2D5CA2684}"
EndProject
Project("{9A19103F-16F7-4668-BE54-9A1E7A4F7556}") = "Builder", "Creational Patterns\Builder\Builder.csproj", "{A476EED4-D9C4-49C8-BD3E-94EE020B663E}"
EndProject
Project("{9A19103F-16F7-4668-BE54-9A1E7A4F7556}") = "Factories", "Creational Patterns\Factories\Factories.csproj", "{42EF5D77-F991-46B9-9C1F-97E5E87966AF}"
EndProject
Project("{9A19103F-16F7-4668-BE54-9A1E7A4F7556}") = "Prototype", "Creational Patterns\Prototype\Prototype.csproj", "{AA8F9BCC-2201-46F4-AE48-311214BC602E}"
EndProject
Project("{9A19103F-16F7-4668-BE54-9A1E7A4F7556}") = "Singleton", "Creational Patterns\Singleton\Singleton.csproj", "{414DE0BD-F0F8-4169-B0B5-60C9592F0C85}"
EndProject
Project("{2150E333-8FDC-42A3-9474-1A3956D46DE8}") = "Structural Patterns", "Structural Patterns", "{8E1A7FEC-8E4C-4D54-B249-38B0BEDFF356}"
EndProject
Project("{9A19103F-16F7-4668-BE54-9A1E7A4F7556}") = "Adapter", "Structural Patterns\Adapter\Adapter.csproj", "{75DF9B7E-9CA8-4850-A5A3-E2BB7ACA6913}"
EndProject
Project("{9A19103F-16F7-4668-BE54-9A1E7A4F7556}") = "Bridge", "Structural Patterns\Bridge\Bridge.csproj", "{AADE410F-1B8C-482E-B440-E5EE19CECD7A}"
EndProject
Project("{FAE04EC0-301F-11D3-BF4B-00C04F79EFBC}") = "Composite", "Structural Patterns\Composite\Composite.csproj", "{20A38A8C-485E-41D9-91BC-AA0CF2A3C441}"
EndProject
Global
	GlobalSection(SolutionConfigurationPlatforms) = preSolution
		Debug|Any CPU = Debug|Any CPU
		Release|Any CPU = Release|Any CPU
	EndGlobalSection
	GlobalSection(ProjectConfigurationPlatforms) = postSolution
		{74948552-0CCA-4CA2-874F-66529A89F77E}.Debug|Any CPU.ActiveCfg = Debug|Any CPU
		{74948552-0CCA-4CA2-874F-66529A89F77E}.Debug|Any CPU.Build.0 = Debug|Any CPU
		{74948552-0CCA-4CA2-874F-66529A89F77E}.Release|Any CPU.ActiveCfg = Release|Any CPU
		{74948552-0CCA-4CA2-874F-66529A89F77E}.Release|Any CPU.Build.0 = Release|Any CPU
		{3BCE9ADB-A53F-4CFC-B883-E1E8C1C6B050}.Debug|Any CPU.ActiveCfg = Debug|Any CPU
		{3BCE9ADB-A53F-4CFC-B883-E1E8C1C6B050}.Debug|Any CPU.Build.0 = Debug|Any CPU
		{3BCE9ADB-A53F-4CFC-B883-E1E8C1C6B050}.Release|Any CPU.ActiveCfg = Release|Any CPU
		{3BCE9ADB-A53F-4CFC-B883-E1E8C1C6B050}.Release|Any CPU.Build.0 = Release|Any CPU
		{4955DF9E-1480-4958-9076-1B80FD297700}.Debug|Any CPU.ActiveCfg = Debug|Any CPU
		{4955DF9E-1480-4958-9076-1B80FD297700}.Debug|Any CPU.Build.0 = Debug|Any CPU
		{4955DF9E-1480-4958-9076-1B80FD297700}.Release|Any CPU.ActiveCfg = Release|Any CPU
		{4955DF9E-1480-4958-9076-1B80FD297700}.Release|Any CPU.Build.0 = Release|Any CPU
		{DF6B2DD3-EC0B-479B-869D-F1BA570C7C46}.Debug|Any CPU.ActiveCfg = Debug|Any CPU
		{DF6B2DD3-EC0B-479B-869D-F1BA570C7C46}.Debug|Any CPU.Build.0 = Debug|Any CPU
		{DF6B2DD3-EC0B-479B-869D-F1BA570C7C46}.Release|Any CPU.ActiveCfg = Release|Any CPU
		{DF6B2DD3-EC0B-479B-869D-F1BA570C7C46}.Release|Any CPU.Build.0 = Release|Any CPU
		{411E0B7A-2B27-43EA-A821-6109284F2AB7}.Debug|Any CPU.ActiveCfg = Debug|Any CPU
		{411E0B7A-2B27-43EA-A821-6109284F2AB7}.Debug|Any CPU.Build.0 = Debug|Any CPU
		{411E0B7A-2B27-43EA-A821-6109284F2AB7}.Release|Any CPU.ActiveCfg = Release|Any CPU
		{411E0B7A-2B27-43EA-A821-6109284F2AB7}.Release|Any CPU.Build.0 = Release|Any CPU
		{A476EED4-D9C4-49C8-BD3E-94EE020B663E}.Debug|Any CPU.ActiveCfg = Debug|Any CPU
		{A476EED4-D9C4-49C8-BD3E-94EE020B663E}.Debug|Any CPU.Build.0 = Debug|Any CPU
		{A476EED4-D9C4-49C8-BD3E-94EE020B663E}.Release|Any CPU.ActiveCfg = Release|Any CPU
		{A476EED4-D9C4-49C8-BD3E-94EE020B663E}.Release|Any CPU.Build.0 = Release|Any CPU
		{42EF5D77-F991-46B9-9C1F-97E5E87966AF}.Debug|Any CPU.ActiveCfg = Debug|Any CPU
		{42EF5D77-F991-46B9-9C1F-97E5E87966AF}.Debug|Any CPU.Build.0 = Debug|Any CPU
		{42EF5D77-F991-46B9-9C1F-97E5E87966AF}.Release|Any CPU.ActiveCfg = Release|Any CPU
		{42EF5D77-F991-46B9-9C1F-97E5E87966AF}.Release|Any CPU.Build.0 = Release|Any CPU
		{AA8F9BCC-2201-46F4-AE48-311214BC602E}.Debug|Any CPU.ActiveCfg = Debug|Any CPU
		{AA8F9BCC-2201-46F4-AE48-311214BC602E}.Debug|Any CPU.Build.0 = Debug|Any CPU
		{AA8F9BCC-2201-46F4-AE48-311214BC602E}.Release|Any CPU.ActiveCfg = Release|Any CPU
		{AA8F9BCC-2201-46F4-AE48-311214BC602E}.Release|Any CPU.Build.0 = Release|Any CPU
		{414DE0BD-F0F8-4169-B0B5-60C9592F0C85}.Debug|Any CPU.ActiveCfg = Debug|Any CPU
		{414DE0BD-F0F8-4169-B0B5-60C9592F0C85}.Debug|Any CPU.Build.0 = Debug|Any CPU
		{414DE0BD-F0F8-4169-B0B5-60C9592F0C85}.Release|Any CPU.ActiveCfg = Release|Any CPU
		{414DE0BD-F0F8-4169-B0B5-60C9592F0C85}.Release|Any CPU.Build.0 = Release|Any CPU
		{75DF9B7E-9CA8-4850-A5A3-E2BB7ACA6913}.Debug|Any CPU.ActiveCfg = Debug|Any CPU
		{75DF9B7E-9CA8-4850-A5A3-E2BB7ACA6913}.Debug|Any CPU.Build.0 = Debug|Any CPU
		{75DF9B7E-9CA8-4850-A5A3-E2BB7ACA6913}.Release|Any CPU.ActiveCfg = Release|Any CPU
		{75DF9B7E-9CA8-4850-A5A3-E2BB7ACA6913}.Release|Any CPU.Build.0 = Release|Any CPU
		{AADE410F-1B8C-482E-B440-E5EE19CECD7A}.Debug|Any CPU.ActiveCfg = Debug|Any CPU
		{AADE410F-1B8C-482E-B440-E5EE19CECD7A}.Debug|Any CPU.Build.0 = Debug|Any CPU
		{AADE410F-1B8C-482E-B440-E5EE19CECD7A}.Release|Any CPU.ActiveCfg = Release|Any CPU
		{AADE410F-1B8C-482E-B440-E5EE19CECD7A}.Release|Any CPU.Build.0 = Release|Any CPU
		{20A38A8C-485E-41D9-91BC-AA0CF2A3C441}.Debug|Any CPU.ActiveCfg = Debug|Any CPU
		{20A38A8C-485E-41D9-91BC-AA0CF2A3C441}.Debug|Any CPU.Build.0 = Debug|Any CPU
		{20A38A8C-485E-41D9-91BC-AA0CF2A3C441}.Release|Any CPU.ActiveCfg = Release|Any CPU
		{20A38A8C-485E-41D9-91BC-AA0CF2A3C441}.Release|Any CPU.Build.0 = Release|Any CPU
	EndGlobalSection
	GlobalSection(SolutionProperties) = preSolution
		HideSolutionNode = FALSE
	EndGlobalSection
	GlobalSection(NestedProjects) = preSolution
		{74948552-0CCA-4CA2-874F-66529A89F77E} = {ACD0EDC8-6E5F-4F9A-8EBC-AFC09FD45292}
		{3BCE9ADB-A53F-4CFC-B883-E1E8C1C6B050} = {ACD0EDC8-6E5F-4F9A-8EBC-AFC09FD45292}
		{4955DF9E-1480-4958-9076-1B80FD297700} = {ACD0EDC8-6E5F-4F9A-8EBC-AFC09FD45292}
		{DF6B2DD3-EC0B-479B-869D-F1BA570C7C46} = {ACD0EDC8-6E5F-4F9A-8EBC-AFC09FD45292}
		{411E0B7A-2B27-43EA-A821-6109284F2AB7} = {ACD0EDC8-6E5F-4F9A-8EBC-AFC09FD45292}
		{A476EED4-D9C4-49C8-BD3E-94EE020B663E} = {24A4FC90-E3F6-4231-B91A-12E2D5CA2684}
		{42EF5D77-F991-46B9-9C1F-97E5E87966AF} = {24A4FC90-E3F6-4231-B91A-12E2D5CA2684}
		{AA8F9BCC-2201-46F4-AE48-311214BC602E} = {24A4FC90-E3F6-4231-B91A-12E2D5CA2684}
		{414DE0BD-F0F8-4169-B0B5-60C9592F0C85} = {24A4FC90-E3F6-4231-B91A-12E2D5CA2684}
		{75DF9B7E-9CA8-4850-A5A3-E2BB7ACA6913} = {8E1A7FEC-8E4C-4D54-B249-38B0BEDFF356}
		{AADE410F-1B8C-482E-B440-E5EE19CECD7A} = {8E1A7FEC-8E4C-4D54-B249-38B0BEDFF356}
		{20A38A8C-485E-41D9-91BC-AA0CF2A3C441} = {8E1A7FEC-8E4C-4D54-B249-38B0BEDFF356}
	EndGlobalSection
	GlobalSection(ExtensibilityGlobals) = postSolution
		SolutionGuid = {FCC25CEC-6DEF-4F4E-AA3A-7332A9885652}
	EndGlobalSection
EndGlobal
